
Microsoft Visual Studio Solution File, Format Version 12.00
# Visual Studio Version 16
VisualStudioVersion = 16.0.30413.136
MinimumVisualStudioVersion = 10.0.40219.1
Project("{FAE04EC0-301F-11D3-BF4B-00C04F79EFBC}") = "ptbn", "ptbn.csproj", "{970BDA31-B9FE-4231-BC90-9465A456ECDB}"
EndProject
Global
	GlobalSection(SolutionConfigurationPlatforms) = preSolution
		Debug|Any CPU = Debug|Any CPU
		Release|Any CPU = Release|Any CPU
	EndGlobalSection
	GlobalSection(ProjectConfigurationPlatforms) = postSolution
		{970BDA31-B9FE-4231-BC90-9465A456ECDB}.Debug|Any CPU.ActiveCfg = Debug|Any CPU
		{970BDA31-B9FE-4231-BC90-9465A456ECDB}.Debug|Any CPU.Build.0 = Debug|Any CPU
		{970BDA31-B9FE-4231-BC90-9465A456ECDB}.Release|Any CPU.ActiveCfg = Release|Any CPU
		{970BDA31-B9FE-4231-BC90-9465A456ECDB}.Release|Any CPU.Build.0 = Release|Any CPU
	EndGlobalSection
	GlobalSection(SolutionProperties) = preSolution
		HideSolutionNode = FALSE
	EndGlobalSection
	GlobalSection(ExtensibilityGlobals) = postSolution
		SolutionGuid = {D64F5AD7-A80B-4A3E-A236-CB22781E4F14}
	EndGlobalSection
EndGlobal
